
Microsoft Visual Studio Solution File, Format Version 12.00
# Visual Studio Version 17
VisualStudioVersion = 17.11.35327.3
MinimumVisualStudioVersion = 10.0.40219.1
Project("{FAE04EC0-301F-11D3-BF4B-00C04F79EFBC}") = "FishingEventsWebApp", "FishingEventsWebApp\FishingEventsWebApp.csproj", "{C3B23DA1-4FCD-45DF-A631-FE942E5F6E97}"
EndProject
Project("{FAE04EC0-301F-11D3-BF4B-00C04F79EFBC}") = "FishingEventsApp.Core", "FishingEventsApp.Core\FishingEventsApp.Core.csproj", "{ACD102F5-EAB9-40EA-83F5-C1AA7ECB11CF}"
EndProject
Project("{FAE04EC0-301F-11D3-BF4B-00C04F79EFBC}") = "FishingEvents.Infrastructure", "FishingEvents.Infrastructure\FishingEvents.Infrastructure.csproj", "{747BCDED-1E52-43A0-B6B0-2E7C05D29C4B}"
EndProject
Project("{2150E333-8FDC-42A3-9474-1A3956D46DE8}") = "Web", "Web", "{C3EFDC61-866B-46ED-828A-AFCDA22DB3A8}"
EndProject
Project("{2150E333-8FDC-42A3-9474-1A3956D46DE8}") = "Core", "Core", "{3D462CC6-30B4-48E8-AE03-782434916180}"
EndProject
Project("{2150E333-8FDC-42A3-9474-1A3956D46DE8}") = "Infrastructure", "Infrastructure", "{480E9037-4A89-4E27-83ED-380D63301142}"
EndProject
Global
	GlobalSection(SolutionConfigurationPlatforms) = preSolution
		Debug|Any CPU = Debug|Any CPU
		Release|Any CPU = Release|Any CPU
	EndGlobalSection
	GlobalSection(ProjectConfigurationPlatforms) = postSolution
		{C3B23DA1-4FCD-45DF-A631-FE942E5F6E97}.Debug|Any CPU.ActiveCfg = Debug|Any CPU
		{C3B23DA1-4FCD-45DF-A631-FE942E5F6E97}.Debug|Any CPU.Build.0 = Debug|Any CPU
		{C3B23DA1-4FCD-45DF-A631-FE942E5F6E97}.Release|Any CPU.ActiveCfg = Release|Any CPU
		{C3B23DA1-4FCD-45DF-A631-FE942E5F6E97}.Release|Any CPU.Build.0 = Release|Any CPU
		{ACD102F5-EAB9-40EA-83F5-C1AA7ECB11CF}.Debug|Any CPU.ActiveCfg = Debug|Any CPU
		{ACD102F5-EAB9-40EA-83F5-C1AA7ECB11CF}.Debug|Any CPU.Build.0 = Debug|Any CPU
		{ACD102F5-EAB9-40EA-83F5-C1AA7ECB11CF}.Release|Any CPU.ActiveCfg = Release|Any CPU
		{ACD102F5-EAB9-40EA-83F5-C1AA7ECB11CF}.Release|Any CPU.Build.0 = Release|Any CPU
		{747BCDED-1E52-43A0-B6B0-2E7C05D29C4B}.Debug|Any CPU.ActiveCfg = Debug|Any CPU
		{747BCDED-1E52-43A0-B6B0-2E7C05D29C4B}.Debug|Any CPU.Build.0 = Debug|Any CPU
		{747BCDED-1E52-43A0-B6B0-2E7C05D29C4B}.Release|Any CPU.ActiveCfg = Release|Any CPU
		{747BCDED-1E52-43A0-B6B0-2E7C05D29C4B}.Release|Any CPU.Build.0 = Release|Any CPU
	EndGlobalSection
	GlobalSection(SolutionProperties) = preSolution
		HideSolutionNode = FALSE
	EndGlobalSection
	GlobalSection(NestedProjects) = preSolution
		{C3B23DA1-4FCD-45DF-A631-FE942E5F6E97} = {C3EFDC61-866B-46ED-828A-AFCDA22DB3A8}
		{ACD102F5-EAB9-40EA-83F5-C1AA7ECB11CF} = {3D462CC6-30B4-48E8-AE03-782434916180}
		{747BCDED-1E52-43A0-B6B0-2E7C05D29C4B} = {480E9037-4A89-4E27-83ED-380D63301142}
	EndGlobalSection
	GlobalSection(ExtensibilityGlobals) = postSolution
		SolutionGuid = {78D6B3E6-9736-417E-BA5D-2BE68078D986}
	EndGlobalSection
EndGlobal
